
Microsoft Visual Studio Solution File, Format Version 12.00
# Visual Studio Version 17
VisualStudioVersion = 17.7.34031.279
MinimumVisualStudioVersion = 10.0.40219.1
Project("{FAE04EC0-301F-11D3-BF4B-00C04F79EFBC}") = "WrokSter", "WrokSter\WrokSter.csproj", "{6B18A863-21E5-440C-87FF-752236E3DC9A}"
EndProject
Project("{FAE04EC0-301F-11D3-BF4B-00C04F79EFBC}") = "Radialgauge", "Radialgauge\Radialgauge.csproj", "{E71EA677-E029-4EEB-A414-CCF89E6E8298}"
EndProject
Global
	GlobalSection(SolutionConfigurationPlatforms) = preSolution
		Debug|Any CPU = Debug|Any CPU
		Release|Any CPU = Release|Any CPU
	EndGlobalSection
	GlobalSection(ProjectConfigurationPlatforms) = postSolution
		{6B18A863-21E5-440C-87FF-752236E3DC9A}.Debug|Any CPU.ActiveCfg = Debug|Any CPU
		{6B18A863-21E5-440C-87FF-752236E3DC9A}.Debug|Any CPU.Build.0 = Debug|Any CPU
		{6B18A863-21E5-440C-87FF-752236E3DC9A}.Release|Any CPU.ActiveCfg = Release|Any CPU
		{6B18A863-21E5-440C-87FF-752236E3DC9A}.Release|Any CPU.Build.0 = Release|Any CPU
		{E71EA677-E029-4EEB-A414-CCF89E6E8298}.Debug|Any CPU.ActiveCfg = Debug|Any CPU
		{E71EA677-E029-4EEB-A414-CCF89E6E8298}.Debug|Any CPU.Build.0 = Debug|Any CPU
		{E71EA677-E029-4EEB-A414-CCF89E6E8298}.Release|Any CPU.ActiveCfg = Release|Any CPU
		{E71EA677-E029-4EEB-A414-CCF89E6E8298}.Release|Any CPU.Build.0 = Release|Any CPU
	EndGlobalSection
	GlobalSection(SolutionProperties) = preSolution
		HideSolutionNode = FALSE
	EndGlobalSection
	GlobalSection(ExtensibilityGlobals) = postSolution
		SolutionGuid = {7E6283E3-F434-4A1A-9B1C-3DA63F84AC11}
	EndGlobalSection
EndGlobal
